// !$*UTF8*$!
{
	archiveVersion = 1;
	classes = {
	};
	objectVersion = 46;
	objects = {

/* Begin PBXBuildFile section */
		3972D4EC1E2CCDD700EDCA44 /* default.png in Resources */ = {isa = PBXBuildFile; fileRef = 3972D4EB1E2CCDD700EDCA44 /* default.png */; };
		398DD78A1E289B58001F633F /* main.m in Sources */ = {isa = PBXBuildFile; fileRef = 398DD7891E289B58001F633F /* main.m */; };
		398DD78D1E289B58001F633F /* AppDelegate.m in Sources */ = {isa = PBXBuildFile; fileRef = 398DD78C1E289B58001F633F /* AppDelegate.m */; };
		398DD7901E289B59001F633F /* ViewController.m in Sources */ = {isa = PBXBuildFile; fileRef = 398DD78F1E289B59001F633F /* ViewController.m */; };
		398DD7931E289B59001F633F /* Main.storyboard in Resources */ = {isa = PBXBuildFile; fileRef = 398DD7911E289B59001F633F /* Main.storyboard */; };
		398DD7951E289B59001F633F /* Assets.xcassets in Resources */ = {isa = PBXBuildFile; fileRef = 398DD7941E289B59001F633F /* Assets.xcassets */; };
		398DD7981E289B59001F633F /* LaunchScreen.storyboard in Resources */ = {isa = PBXBuildFile; fileRef = 398DD7961E289B59001F633F /* LaunchScreen.storyboard */; };
		398DD7A31E289B7D001F633F /* CTView.m in Sources */ = {isa = PBXBuildFile; fileRef = 398DD7A01E289B7D001F633F /* CTView.m */; };
		398DD7A41E289B7D001F633F /* CTViewCell.m in Sources */ = {isa = PBXBuildFile; fileRef = 398DD7A21E289B7D001F633F /* CTViewCell.m */; };
		39C653851E30CECA00C958A9 /* MKAnnotationView+WebCache.m in Sources */ = {isa = PBXBuildFile; fileRef = 39C6535E1E30CECA00C958A9 /* MKAnnotationView+WebCache.m */; };
		39C653861E30CECA00C958A9 /* NSData+ImageContentType.m in Sources */ = {isa = PBXBuildFile; fileRef = 39C653601E30CECA00C958A9 /* NSData+ImageContentType.m */; };
		39C653871E30CECA00C958A9 /* NSImage+WebCache.m in Sources */ = {isa = PBXBuildFile; fileRef = 39C653621E30CECA00C958A9 /* NSImage+WebCache.m */; };
		39C653881E30CECA00C958A9 /* SDImageCache.m in Sources */ = {isa = PBXBuildFile; fileRef = 39C653641E30CECA00C958A9 /* SDImageCache.m */; };
		39C653891E30CECA00C958A9 /* SDImageCacheConfig.m in Sources */ = {isa = PBXBuildFile; fileRef = 39C653661E30CECA00C958A9 /* SDImageCacheConfig.m */; };
		39C6538A1E30CECA00C958A9 /* SDWebImageCompat.m in Sources */ = {isa = PBXBuildFile; fileRef = 39C653681E30CECA00C958A9 /* SDWebImageCompat.m */; };
		39C6538B1E30CECA00C958A9 /* SDWebImageDecoder.m in Sources */ = {isa = PBXBuildFile; fileRef = 39C6536A1E30CECA00C958A9 /* SDWebImageDecoder.m */; };
		39C6538C1E30CECA00C958A9 /* SDWebImageDownloader.m in Sources */ = {isa = PBXBuildFile; fileRef = 39C6536C1E30CECA00C958A9 /* SDWebImageDownloader.m */; };
		39C6538D1E30CECA00C958A9 /* SDWebImageDownloaderOperation.m in Sources */ = {isa = PBXBuildFile; fileRef = 39C6536E1E30CECA00C958A9 /* SDWebImageDownloaderOperation.m */; };
		39C6538E1E30CECA00C958A9 /* SDWebImageManager.m in Sources */ = {isa = PBXBuildFile; fileRef = 39C653701E30CECA00C958A9 /* SDWebImageManager.m */; };
		39C6538F1E30CECA00C958A9 /* SDWebImagePrefetcher.m in Sources */ = {isa = PBXBuildFile; fileRef = 39C653731E30CECA00C958A9 /* SDWebImagePrefetcher.m */; };
		39C653901E30CECA00C958A9 /* UIButton+WebCache.m in Sources */ = {isa = PBXBuildFile; fileRef = 39C653751E30CECA00C958A9 /* UIButton+WebCache.m */; };
		39C653911E30CECA00C958A9 /* UIImage+GIF.m in Sources */ = {isa = PBXBuildFile; fileRef = 39C653771E30CECA00C958A9 /* UIImage+GIF.m */; };
		39C653921E30CECA00C958A9 /* UIImage+MultiFormat.m in Sources */ = {isa = PBXBuildFile; fileRef = 39C653791E30CECA00C958A9 /* UIImage+MultiFormat.m */; };
		39C653931E30CECA00C958A9 /* UIImage+WebP.m in Sources */ = {isa = PBXBuildFile; fileRef = 39C6537B1E30CECA00C958A9 /* UIImage+WebP.m */; };
		39C653941E30CECA00C958A9 /* UIImageView+HighlightedWebCache.m in Sources */ = {isa = PBXBuildFile; fileRef = 39C6537D1E30CECA00C958A9 /* UIImageView+HighlightedWebCache.m */; };
		39C653951E30CECA00C958A9 /* UIImageView+WebCache.m in Sources */ = {isa = PBXBuildFile; fileRef = 39C6537F1E30CECA00C958A9 /* UIImageView+WebCache.m */; };
		39C653961E30CECA00C958A9 /* UIView+WebCache.m in Sources */ = {isa = PBXBuildFile; fileRef = 39C653811E30CECA00C958A9 /* UIView+WebCache.m */; };
		39C653971E30CECA00C958A9 /* UIView+WebCacheOperation.m in Sources */ = {isa = PBXBuildFile; fileRef = 39C653831E30CECA00C958A9 /* UIView+WebCacheOperation.m */; };
/* End PBXBuildFile section */

/* Begin PBXFileReference section */
		3972D4E01E2CC45000EDCA44 /* MapKit.framework */ = {isa = PBXFileReference; lastKnownFileType = wrapper.framework; name = MapKit.framework; path = System/Library/Frameworks/MapKit.framework; sourceTree = SDKROOT; };
		3972D4E21E2CC46500EDCA44 /* ImageIO.framework */ = {isa = PBXFileReference; lastKnownFileType = wrapper.framework; name = ImageIO.framework; path = System/Library/Frameworks/ImageIO.framework; sourceTree = SDKROOT; };
		3972D4E71E2CC9FF00EDCA44 /* Foundation.framework */ = {isa = PBXFileReference; lastKnownFileType = wrapper.framework; name = Foundation.framework; path = System/Library/Frameworks/Foundation.framework; sourceTree = SDKROOT; };
		3972D4E91E2CCA0700EDCA44 /* CoreGraphics.framework */ = {isa = PBXFileReference; lastKnownFileType = wrapper.framework; name = CoreGraphics.framework; path = System/Library/Frameworks/CoreGraphics.framework; sourceTree = SDKROOT; };
		3972D4EB1E2CCDD700EDCA44 /* default.png */ = {isa = PBXFileReference; lastKnownFileType = image.png; path = default.png; sourceTree = "<group>"; };
		398DD7851E289B58001F633F /* CTView.app */ = {isa = PBXFileReference; explicitFileType = wrapper.application; includeInIndex = 0; path = CTView.app; sourceTree = BUILT_PRODUCTS_DIR; };
		398DD7891E289B58001F633F /* main.m */ = {isa = PBXFileReference; lastKnownFileType = sourcecode.c.objc; path = main.m; sourceTree = "<group>"; };
		398DD78B1E289B58001F633F /* AppDelegate.h */ = {isa = PBXFileReference; lastKnownFileType = sourcecode.c.h; path = AppDelegate.h; sourceTree = "<group>"; };
		398DD78C1E289B58001F633F /* AppDelegate.m */ = {isa = PBXFileReference; lastKnownFileType = sourcecode.c.objc; path = AppDelegate.m; sourceTree = "<group>"; };
		398DD78E1E289B58001F633F /* ViewController.h */ = {isa = PBXFileReference; lastKnownFileType = sourcecode.c.h; path = ViewController.h; sourceTree = "<group>"; };
		398DD78F1E289B59001F633F /* ViewController.m */ = {isa = PBXFileReference; lastKnownFileType = sourcecode.c.objc; path = ViewController.m; sourceTree = "<group>"; };
		398DD7921E289B59001F633F /* Base */ = {isa = PBXFileReference; lastKnownFileType = file.storyboard; name = Base; path = Base.lproj/Main.storyboard; sourceTree = "<group>"; };
		398DD7941E289B59001F633F /* Assets.xcassets */ = {isa = PBXFileReference; lastKnownFileType = folder.assetcatalog; path = Assets.xcassets; sourceTree = "<group>"; };
		398DD7971E289B59001F633F /* Base */ = {isa = PBXFileReference; lastKnownFileType = file.storyboard; name = Base; path = Base.lproj/LaunchScreen.storyboard; sourceTree = "<group>"; };
		398DD7991E289B59001F633F /* Info.plist */ = {isa = PBXFileReference; lastKnownFileType = text.plist.xml; path = Info.plist; sourceTree = "<group>"; };
		398DD79F1E289B7D001F633F /* CTView.h */ = {isa = PBXFileReference; fileEncoding = 4; lastKnownFileType = sourcecode.c.h; path = CTView.h; sourceTree = "<group>"; };
		398DD7A01E289B7D001F633F /* CTView.m */ = {isa = PBXFileReference; fileEncoding = 4; lastKnownFileType = sourcecode.c.objc; path = CTView.m; sourceTree = "<group>"; };
		398DD7A11E289B7D001F633F /* CTViewCell.h */ = {isa = PBXFileReference; fileEncoding = 4; lastKnownFileType = sourcecode.c.h; path = CTViewCell.h; sourceTree = "<group>"; };
		398DD7A21E289B7D001F633F /* CTViewCell.m */ = {isa = PBXFileReference; fileEncoding = 4; lastKnownFileType = sourcecode.c.objc; path = CTViewCell.m; sourceTree = "<group>"; };
		39C6535D1E30CECA00C958A9 /* MKAnnotationView+WebCache.h */ = {isa = PBXFileReference; fileEncoding = 4; lastKnownFileType = sourcecode.c.h; path = "MKAnnotationView+WebCache.h"; sourceTree = "<group>"; };
		39C6535E1E30CECA00C958A9 /* MKAnnotationView+WebCache.m */ = {isa = PBXFileReference; fileEncoding = 4; lastKnownFileType = sourcecode.c.objc; path = "MKAnnotationView+WebCache.m"; sourceTree = "<group>"; };
		39C6535F1E30CECA00C958A9 /* NSData+ImageContentType.h */ = {isa = PBXFileReference; fileEncoding = 4; lastKnownFileType = sourcecode.c.h; path = "NSData+ImageContentType.h"; sourceTree = "<group>"; };
		39C653601E30CECA00C958A9 /* NSData+ImageContentType.m */ = {isa = PBXFileReference; fileEncoding = 4; lastKnownFileType = sourcecode.c.objc; path = "NSData+ImageContentType.m"; sourceTree = "<group>"; };
		39C653611E30CECA00C958A9 /* NSImage+WebCache.h */ = {isa = PBXFileReference; fileEncoding = 4; lastKnownFileType = sourcecode.c.h; path = "NSImage+WebCache.h"; sourceTree = "<group>"; };
		39C653621E30CECA00C958A9 /* NSImage+WebCache.m */ = {isa = PBXFileReference; fileEncoding = 4; lastKnownFileType = sourcecode.c.objc; path = "NSImage+WebCache.m"; sourceTree = "<group>"; };
		39C653631E30CECA00C958A9 /* SDImageCache.h */ = {isa = PBXFileReference; fileEncoding = 4; lastKnownFileType = sourcecode.c.h; path = SDImageCache.h; sourceTree = "<group>"; };
		39C653641E30CECA00C958A9 /* SDImageCache.m */ = {isa = PBXFileReference; fileEncoding = 4; lastKnownFileType = sourcecode.c.objc; path = SDImageCache.m; sourceTree = "<group>"; };
		39C653651E30CECA00C958A9 /* SDImageCacheConfig.h */ = {isa = PBXFileReference; fileEncoding = 4; lastKnownFileType = sourcecode.c.h; path = SDImageCacheConfig.h; sourceTree = "<group>"; };
		39C653661E30CECA00C958A9 /* SDImageCacheConfig.m */ = {isa = PBXFileReference; fileEncoding = 4; lastKnownFileType = sourcecode.c.objc; path = SDImageCacheConfig.m; sourceTree = "<group>"; };
		39C653671E30CECA00C958A9 /* SDWebImageCompat.h */ = {isa = PBXFileReference; fileEncoding = 4; lastKnownFileType = sourcecode.c.h; path = SDWebImageCompat.h; sourceTree = "<group>"; };
		39C653681E30CECA00C958A9 /* SDWebImageCompat.m */ = {isa = PBXFileReference; fileEncoding = 4; lastKnownFileType = sourcecode.c.objc; path = SDWebImageCompat.m; sourceTree = "<group>"; };
		39C653691E30CECA00C958A9 /* SDWebImageDecoder.h */ = {isa = PBXFileReference; fileEncoding = 4; lastKnownFileType = sourcecode.c.h; path = SDWebImageDecoder.h; sourceTree = "<group>"; };
		39C6536A1E30CECA00C958A9 /* SDWebImageDecoder.m */ = {isa = PBXFileReference; fileEncoding = 4; lastKnownFileType = sourcecode.c.objc; path = SDWebImageDecoder.m; sourceTree = "<group>"; };
		39C6536B1E30CECA00C958A9 /* SDWebImageDownloader.h */ = {isa = PBXFileReference; fileEncoding = 4; lastKnownFileType = sourcecode.c.h; path = SDWebImageDownloader.h; sourceTree = "<group>"; };
		39C6536C1E30CECA00C958A9 /* SDWebImageDownloader.m */ = {isa = PBXFileReference; fileEncoding = 4; lastKnownFileType = sourcecode.c.objc; path = SDWebImageDownloader.m; sourceTree = "<group>"; };
		39C6536D1E30CECA00C958A9 /* SDWebImageDownloaderOperation.h */ = {isa = PBXFileReference; fileEncoding = 4; lastKnownFileType = sourcecode.c.h; path = SDWebImageDownloaderOperation.h; sourceTree = "<group>"; };
		39C6536E1E30CECA00C958A9 /* SDWebImageDownloaderOperation.m */ = {isa = PBXFileReference; fileEncoding = 4; lastKnownFileType = sourcecode.c.objc; path = SDWebImageDownloaderOperation.m; sourceTree = "<group>"; };
		39C6536F1E30CECA00C958A9 /* SDWebImageManager.h */ = {isa = PBXFileReference; fileEncoding = 4; lastKnownFileType = sourcecode.c.h; path = SDWebImageManager.h; sourceTree = "<group>"; };
		39C653701E30CECA00C958A9 /* SDWebImageManager.m */ = {isa = PBXFileReference; fileEncoding = 4; lastKnownFileType = sourcecode.c.objc; path = SDWebImageManager.m; sourceTree = "<group>"; };
		39C653711E30CECA00C958A9 /* SDWebImageOperation.h */ = {isa = PBXFileReference; fileEncoding = 4; lastKnownFileType = sourcecode.c.h; path = SDWebImageOperation.h; sourceTree = "<group>"; };
		39C653721E30CECA00C958A9 /* SDWebImagePrefetcher.h */ = {isa = PBXFileReference; fileEncoding = 4; lastKnownFileType = sourcecode.c.h; path = SDWebImagePrefetcher.h; sourceTree = "<group>"; };
		39C653731E30CECA00C958A9 /* SDWebImagePrefetcher.m */ = {isa = PBXFileReference; fileEncoding = 4; lastKnownFileType = sourcecode.c.objc; path = SDWebImagePrefetcher.m; sourceTree = "<group>"; };
		39C653741E30CECA00C958A9 /* UIButton+WebCache.h */ = {isa = PBXFileReference; fileEncoding = 4; lastKnownFileType = sourcecode.c.h; path = "UIButton+WebCache.h"; sourceTree = "<group>"; };
		39C653751E30CECA00C958A9 /* UIButton+WebCache.m */ = {isa = PBXFileReference; fileEncoding = 4; lastKnownFileType = sourcecode.c.objc; path = "UIButton+WebCache.m"; sourceTree = "<group>"; };
		39C653761E30CECA00C958A9 /* UIImage+GIF.h */ = {isa = PBXFileReference; fileEncoding = 4; lastKnownFileType = sourcecode.c.h; path = "UIImage+GIF.h"; sourceTree = "<group>"; };
		39C653771E30CECA00C958A9 /* UIImage+GIF.m */ = {isa = PBXFileReference; fileEncoding = 4; lastKnownFileType = sourcecode.c.objc; path = "UIImage+GIF.m"; sourceTree = "<group>"; };
		39C653781E30CECA00C958A9 /* UIImage+MultiFormat.h */ = {isa = PBXFileReference; fileEncoding = 4; lastKnownFileType = sourcecode.c.h; path = "UIImage+MultiFormat.h"; sourceTree = "<group>"; };
		39C653791E30CECA00C958A9 /* UIImage+MultiFormat.m */ = {isa = PBXFileReference; fileEncoding = 4; lastKnownFileType = sourcecode.c.objc; path = "UIImage+MultiFormat.m"; sourceTree = "<group>"; };
		39C6537A1E30CECA00C958A9 /* UIImage+WebP.h */ = {isa = PBXFileReference; fileEncoding = 4; lastKnownFileType = sourcecode.c.h; path = "UIImage+WebP.h"; sourceTree = "<group>"; };
		39C6537B1E30CECA00C958A9 /* UIImage+WebP.m */ = {isa = PBXFileReference; fileEncoding = 4; lastKnownFileType = sourcecode.c.objc; path = "UIImage+WebP.m"; sourceTree = "<group>"; };
		39C6537C1E30CECA00C958A9 /* UIImageView+HighlightedWebCache.h */ = {isa = PBXFileReference; fileEncoding = 4; lastKnownFileType = sourcecode.c.h; path = "UIImageView+HighlightedWebCache.h"; sourceTree = "<group>"; };
		39C6537D1E30CECA00C958A9 /* UIImageView+HighlightedWebCache.m */ = {isa = PBXFileReference; fileEncoding = 4; lastKnownFileType = sourcecode.c.objc; path = "UIImageView+HighlightedWebCache.m"; sourceTree = "<group>"; };
		39C6537E1E30CECA00C958A9 /* UIImageView+WebCache.h */ = {isa = PBXFileReference; fileEncoding = 4; lastKnownFileType = sourcecode.c.h; path = "UIImageView+WebCache.h"; sourceTree = "<group>"; };
		39C6537F1E30CECA00C958A9 /* UIImageView+WebCache.m */ = {isa = PBXFileReference; fileEncoding = 4; lastKnownFileType = sourcecode.c.objc; path = "UIImageView+WebCache.m"; sourceTree = "<group>"; };
		39C653801E30CECA00C958A9 /* UIView+WebCache.h */ = {isa = PBXFileReference; fileEncoding = 4; lastKnownFileType = sourcecode.c.h; path = "UIView+WebCache.h"; sourceTree = "<group>"; };
		39C653811E30CECA00C958A9 /* UIView+WebCache.m */ = {isa = PBXFileReference; fileEncoding = 4; lastKnownFileType = sourcecode.c.objc; path = "UIView+WebCache.m"; sourceTree = "<group>"; };
		39C653821E30CECA00C958A9 /* UIView+WebCacheOperation.h */ = {isa = PBXFileReference; fileEncoding = 4; lastKnownFileType = sourcecode.c.h; path = "UIView+WebCacheOperation.h"; sourceTree = "<group>"; };
		39C653831E30CECA00C958A9 /* UIView+WebCacheOperation.m */ = {isa = PBXFileReference; fileEncoding = 4; lastKnownFileType = sourcecode.c.objc; path = "UIView+WebCacheOperation.m"; sourceTree = "<group>"; };
/* End PBXFileReference section */

/* Begin PBXFrameworksBuildPhase section */
		398DD7821E289B58001F633F /* Frameworks */ = {
			isa = PBXFrameworksBuildPhase;
			buildActionMask = 2147483647;
			files = (
			);
			runOnlyForDeploymentPostprocessing = 0;
		};
/* End PBXFrameworksBuildPhase section */

/* Begin PBXGroup section */
		3972D4DF1E2CC45000EDCA44 /* Frameworks */ = {
			isa = PBXGroup;
			children = (
				3972D4E91E2CCA0700EDCA44 /* CoreGraphics.framework */,
				3972D4E71E2CC9FF00EDCA44 /* Foundation.framework */,
				3972D4E21E2CC46500EDCA44 /* ImageIO.framework */,
				3972D4E01E2CC45000EDCA44 /* MapKit.framework */,
			);
			name = Frameworks;
			sourceTree = "<group>";
		};
		398DD77C1E289B57001F633F = {
			isa = PBXGroup;
			children = (
				398DD7871E289B58001F633F /* CTView */,
				398DD7861E289B58001F633F /* Products */,
				3972D4DF1E2CC45000EDCA44 /* Frameworks */,
			);
			sourceTree = "<group>";
		};
		398DD7861E289B58001F633F /* Products */ = {
			isa = PBXGroup;
			children = (
				398DD7851E289B58001F633F /* CTView.app */,
			);
			name = Products;
			sourceTree = "<group>";
		};
		398DD7871E289B58001F633F /* CTView */ = {
			isa = PBXGroup;
			children = (
				39C653591E30CECA00C958A9 /* SDWebImage */,
				398DD79F1E289B7D001F633F /* CTView.h */,
				398DD7A01E289B7D001F633F /* CTView.m */,
				398DD7A11E289B7D001F633F /* CTViewCell.h */,
				398DD7A21E289B7D001F633F /* CTViewCell.m */,
				398DD78B1E289B58001F633F /* AppDelegate.h */,
				398DD78C1E289B58001F633F /* AppDelegate.m */,
				398DD78E1E289B58001F633F /* ViewController.h */,
				398DD78F1E289B59001F633F /* ViewController.m */,
				3972D4EB1E2CCDD700EDCA44 /* default.png */,
				398DD7911E289B59001F633F /* Main.storyboard */,
				398DD7941E289B59001F633F /* Assets.xcassets */,
				398DD7961E289B59001F633F /* LaunchScreen.storyboard */,
				398DD7991E289B59001F633F /* Info.plist */,
				398DD7881E289B58001F633F /* Supporting Files */,
			);
			path = CTView;
			sourceTree = "<group>";
		};
		398DD7881E289B58001F633F /* Supporting Files */ = {
			isa = PBXGroup;
			children = (
				398DD7891E289B58001F633F /* main.m */,
			);
			name = "Supporting Files";
			sourceTree = "<group>";
		};
		39C653591E30CECA00C958A9 /* SDWebImage */ = {
			isa = PBXGroup;
			children = (
				39C6535D1E30CECA00C958A9 /* MKAnnotationView+WebCache.h */,
				39C6535E1E30CECA00C958A9 /* MKAnnotationView+WebCache.m */,
				39C6535F1E30CECA00C958A9 /* NSData+ImageContentType.h */,
				39C653601E30CECA00C958A9 /* NSData+ImageContentType.m */,
				39C653611E30CECA00C958A9 /* NSImage+WebCache.h */,
				39C653621E30CECA00C958A9 /* NSImage+WebCache.m */,
				39C653631E30CECA00C958A9 /* SDImageCache.h */,
				39C653641E30CECA00C958A9 /* SDImageCache.m */,
				39C653651E30CECA00C958A9 /* SDImageCacheConfig.h */,
				39C653661E30CECA00C958A9 /* SDImageCacheConfig.m */,
				39C653671E30CECA00C958A9 /* SDWebImageCompat.h */,
				39C653681E30CECA00C958A9 /* SDWebImageCompat.m */,
				39C653691E30CECA00C958A9 /* SDWebImageDecoder.h */,
				39C6536A1E30CECA00C958A9 /* SDWebImageDecoder.m */,
				39C6536B1E30CECA00C958A9 /* SDWebImageDownloader.h */,
				39C6536C1E30CECA00C958A9 /* SDWebImageDownloader.m */,
				39C6536D1E30CECA00C958A9 /* SDWebImageDownloaderOperation.h */,
				39C6536E1E30CECA00C958A9 /* SDWebImageDownloaderOperation.m */,
				39C6536F1E30CECA00C958A9 /* SDWebImageManager.h */,
				39C653701E30CECA00C958A9 /* SDWebImageManager.m */,
				39C653711E30CECA00C958A9 /* SDWebImageOperation.h */,
				39C653721E30CECA00C958A9 /* SDWebImagePrefetcher.h */,
				39C653731E30CECA00C958A9 /* SDWebImagePrefetcher.m */,
				39C653741E30CECA00C958A9 /* UIButton+WebCache.h */,
				39C653751E30CECA00C958A9 /* UIButton+WebCache.m */,
				39C653761E30CECA00C958A9 /* UIImage+GIF.h */,
				39C653771E30CECA00C958A9 /* UIImage+GIF.m */,
				39C653781E30CECA00C958A9 /* UIImage+MultiFormat.h */,
				39C653791E30CECA00C958A9 /* UIImage+MultiFormat.m */,
				39C6537A1E30CECA00C958A9 /* UIImage+WebP.h */,
				39C6537B1E30CECA00C958A9 /* UIImage+WebP.m */,
				39C6537C1E30CECA00C958A9 /* UIImageView+HighlightedWebCache.h */,
				39C6537D1E30CECA00C958A9 /* UIImageView+HighlightedWebCache.m */,
				39C6537E1E30CECA00C958A9 /* UIImageView+WebCache.h */,
				39C6537F1E30CECA00C958A9 /* UIImageView+WebCache.m */,
				39C653801E30CECA00C958A9 /* UIView+WebCache.h */,
				39C653811E30CECA00C958A9 /* UIView+WebCache.m */,
				39C653821E30CECA00C958A9 /* UIView+WebCacheOperation.h */,
				39C653831E30CECA00C958A9 /* UIView+WebCacheOperation.m */,
			);
			path = SDWebImage;
			sourceTree = "<group>";
		};
/* End PBXGroup section */

/* Begin PBXNativeTarget section */
		398DD7841E289B58001F633F /* CTView */ = {
			isa = PBXNativeTarget;
			buildConfigurationList = 398DD79C1E289B59001F633F /* Build configuration list for PBXNativeTarget "CTView" */;
			buildPhases = (
				398DD7811E289B58001F633F /* Sources */,
				398DD7821E289B58001F633F /* Frameworks */,
				398DD7831E289B58001F633F /* Resources */,
			);
			buildRules = (
			);
			dependencies = (
			);
			name = CTView;
			productName = CTView;
			productReference = 398DD7851E289B58001F633F /* CTView.app */;
			productType = "com.apple.product-type.application";
		};
/* End PBXNativeTarget section */

/* Begin PBXProject section */
		398DD77D1E289B58001F633F /* Project object */ = {
			isa = PBXProject;
			attributes = {
				LastUpgradeCheck = 0810;
				ORGANIZATIONNAME = qinman;
				TargetAttributes = {
					398DD7841E289B58001F633F = {
						CreatedOnToolsVersion = 8.1;
						DevelopmentTeam = 2EEW4XH5A6;
						ProvisioningStyle = Automatic;
					};
				};
			};
			buildConfigurationList = 398DD7801E289B58001F633F /* Build configuration list for PBXProject "CTView" */;
			compatibilityVersion = "Xcode 3.2";
			developmentRegion = English;
			hasScannedForEncodings = 0;
			knownRegions = (
				en,
				Base,
			);
			mainGroup = 398DD77C1E289B57001F633F;
			productRefGroup = 398DD7861E289B58001F633F /* Products */;
			projectDirPath = "";
			projectRoot = "";
			targets = (
				398DD7841E289B58001F633F /* CTView */,
			);
		};
/* End PBXProject section */

/* Begin PBXResourcesBuildPhase section */
		398DD7831E289B58001F633F /* Resources */ = {
			isa = PBXResourcesBuildPhase;
			buildActionMask = 2147483647;
			files = (
				398DD7981E289B59001F633F /* LaunchScreen.storyboard in Resources */,
				398DD7951E289B59001F633F /* Assets.xcassets in Resources */,
				3972D4EC1E2CCDD700EDCA44 /* default.png in Resources */,
				398DD7931E289B59001F633F /* Main.storyboard in Resources */,
			);
			runOnlyForDeploymentPostprocessing = 0;
		};
/* End PBXResourcesBuildPhase section */

/* Begin PBXSourcesBuildPhase section */
		398DD7811E289B58001F633F /* Sources */ = {
			isa = PBXSourcesBuildPhase;
			buildActionMask = 2147483647;
			files = (
				39C6538B1E30CECA00C958A9 /* SDWebImageDecoder.m in Sources */,
				39C6538E1E30CECA00C958A9 /* SDWebImageManager.m in Sources */,
				39C653961E30CECA00C958A9 /* UIView+WebCache.m in Sources */,
				39C653891E30CECA00C958A9 /* SDImageCacheConfig.m in Sources */,
				39C6538A1E30CECA00C958A9 /* SDWebImageCompat.m in Sources */,
				39C653931E30CECA00C958A9 /* UIImage+WebP.m in Sources */,
				398DD7A31E289B7D001F633F /* CTView.m in Sources */,
				39C653941E30CECA00C958A9 /* UIImageView+HighlightedWebCache.m in Sources */,
				398DD7901E289B59001F633F /* ViewController.m in Sources */,
				39C653861E30CECA00C958A9 /* NSData+ImageContentType.m in Sources */,
				39C653901E30CECA00C958A9 /* UIButton+WebCache.m in Sources */,
				39C6538F1E30CECA00C958A9 /* SDWebImagePrefetcher.m in Sources */,
				39C653971E30CECA00C958A9 /* UIView+WebCacheOperation.m in Sources */,
				39C6538D1E30CECA00C958A9 /* SDWebImageDownloaderOperation.m in Sources */,
				398DD78D1E289B58001F633F /* AppDelegate.m in Sources */,
				398DD7A41E289B7D001F633F /* CTViewCell.m in Sources */,
				39C653921E30CECA00C958A9 /* UIImage+MultiFormat.m in Sources */,
				39C653851E30CECA00C958A9 /* MKAnnotationView+WebCache.m in Sources */,
				398DD78A1E289B58001F633F /* main.m in Sources */,
				39C653871E30CECA00C958A9 /* NSImage+WebCache.m in Sources */,
				39C653911E30CECA00C958A9 /* UIImage+GIF.m in Sources */,
				39C6538C1E30CECA00C958A9 /* SDWebImageDownloader.m in Sources */,
				39C653951E30CECA00C958A9 /* UIImageView+WebCache.m in Sources */,
				39C653881E30CECA00C958A9 /* SDImageCache.m in Sources */,
			);
			runOnlyForDeploymentPostprocessing = 0;
		};
/* End PBXSourcesBuildPhase section */

/* Begin PBXVariantGroup section */
		398DD7911E289B59001F633F /* Main.storyboard */ = {
			isa = PBXVariantGroup;
			children = (
				398DD7921E289B59001F633F /* Base */,
			);
			name = Main.storyboard;
			sourceTree = "<group>";
		};
		398DD7961E289B59001F633F /* LaunchScreen.storyboard */ = {
			isa = PBXVariantGroup;
			children = (
				398DD7971E289B59001F633F /* Base */,
			);
			name = LaunchScreen.storyboard;
			sourceTree = "<group>";
		};
/* End PBXVariantGroup section */

/* Begin XCBuildConfiguration section */
		398DD79A1E289B59001F633F /* Debug */ = {
			isa = XCBuildConfiguration;
			buildSettings = {
				ALWAYS_SEARCH_USER_PATHS = NO;
				CLANG_ANALYZER_NONNULL = YES;
				CLANG_CXX_LANGUAGE_STANDARD = "gnu++0x";
				CLANG_CXX_LIBRARY = "libc++";
				CLANG_ENABLE_MODULES = YES;
				CLANG_ENABLE_OBJC_ARC = YES;
				CLANG_WARN_BOOL_CONVERSION = YES;
				CLANG_WARN_CONSTANT_CONVERSION = YES;
				CLANG_WARN_DIRECT_OBJC_ISA_USAGE = YES_ERROR;
				CLANG_WARN_DOCUMENTATION_COMMENTS = YES;
				CLANG_WARN_EMPTY_BODY = YES;
				CLANG_WARN_ENUM_CONVERSION = YES;
				CLANG_WARN_INFINITE_RECURSION = YES;
				CLANG_WARN_INT_CONVERSION = YES;
				CLANG_WARN_OBJC_ROOT_CLASS = YES_ERROR;
				CLANG_WARN_SUSPICIOUS_MOVES = YES;
				CLANG_WARN_UNREACHABLE_CODE = YES;
				CLANG_WARN__DUPLICATE_METHOD_MATCH = YES;
				"CODE_SIGN_IDENTITY[sdk=iphoneos*]" = "iPhone Developer";
				COPY_PHASE_STRIP = NO;
				DEBUG_INFORMATION_FORMAT = dwarf;
				ENABLE_STRICT_OBJC_MSGSEND = YES;
				ENABLE_TESTABILITY = YES;
				GCC_C_LANGUAGE_STANDARD = gnu99;
				GCC_DYNAMIC_NO_PIC = NO;
				GCC_NO_COMMON_BLOCKS = YES;
				GCC_OPTIMIZATION_LEVEL = 0;
				GCC_PREPROCESSOR_DEFINITIONS = (
					"DEBUG=1",
					"$(inherited)",
				);
				GCC_WARN_64_TO_32_BIT_CONVERSION = YES;
				GCC_WARN_ABOUT_RETURN_TYPE = YES_ERROR;
				GCC_WARN_UNDECLARED_SELECTOR = YES;
				GCC_WARN_UNINITIALIZED_AUTOS = YES_AGGRESSIVE;
				GCC_WARN_UNUSED_FUNCTION = YES;
				GCC_WARN_UNUSED_VARIABLE = YES;
				IPHONEOS_DEPLOYMENT_TARGET = 10.1;
				MTL_ENABLE_DEBUG_INFO = YES;
				ONLY_ACTIVE_ARCH = YES;
				SDKROOT = iphoneos;
				TARGETED_DEVICE_FAMILY = "1,2";
			};
			name = Debug;
		};
		398DD79B1E289B59001F633F /* Release */ = {
			isa = XCBuildConfiguration;
			buildSettings = {
				ALWAYS_SEARCH_USER_PATHS = NO;
				CLANG_ANALYZER_NONNULL = YES;
				CLANG_CXX_LANGUAGE_STANDARD = "gnu++0x";
				CLANG_CXX_LIBRARY = "libc++";
				CLANG_ENABLE_MODULES = YES;
				CLANG_ENABLE_OBJC_ARC = YES;
				CLANG_WARN_BOOL_CONVERSION = YES;
				CLANG_WARN_CONSTANT_CONVERSION = YES;
				CLANG_WARN_DIRECT_OBJC_ISA_USAGE = YES_ERROR;
				CLANG_WARN_DOCUMENTATION_COMMENTS = YES;
				CLANG_WARN_EMPTY_BODY = YES;
				CLANG_WARN_ENUM_CONVERSION = YES;
				CLANG_WARN_INFINITE_RECURSION = YES;
				CLANG_WARN_INT_CONVERSION = YES;
				CLANG_WARN_OBJC_ROOT_CLASS = YES_ERROR;
				CLANG_WARN_SUSPICIOUS_MOVES = YES;
				CLANG_WARN_UNREACHABLE_CODE = YES;
				CLANG_WARN__DUPLICATE_METHOD_MATCH = YES;
				"CODE_SIGN_IDENTITY[sdk=iphoneos*]" = "iPhone Developer";
				COPY_PHASE_STRIP = NO;
				DEBUG_INFORMATION_FORMAT = "dwarf-with-dsym";
				ENABLE_NS_ASSERTIONS = NO;
				ENABLE_STRICT_OBJC_MSGSEND = YES;
				GCC_C_LANGUAGE_STANDARD = gnu99;
				GCC_NO_COMMON_BLOCKS = YES;
				GCC_WARN_64_TO_32_BIT_CONVERSION = YES;
				GCC_WARN_ABOUT_RETURN_TYPE = YES_ERROR;
				GCC_WARN_UNDECLARED_SELECTOR = YES;
				GCC_WARN_UNINITIALIZED_AUTOS = YES_AGGRESSIVE;
				GCC_WARN_UNUSED_FUNCTION = YES;
				GCC_WARN_UNUSED_VARIABLE = YES;
				IPHONEOS_DEPLOYMENT_TARGET = 10.1;
				MTL_ENABLE_DEBUG_INFO = NO;
				SDKROOT = iphoneos;
				TARGETED_DEVICE_FAMILY = "1,2";
				VALIDATE_PRODUCT = YES;
			};
			name = Release;
		};
		398DD79D1E289B59001F633F /* Debug */ = {
			isa = XCBuildConfiguration;
			buildSettings = {
				ASSETCATALOG_COMPILER_APPICON_NAME = AppIcon;
				DEVELOPMENT_TEAM = 2EEW4XH5A6;
				INFOPLIST_FILE = CTView/Info.plist;
				LD_RUNPATH_SEARCH_PATHS = "$(inherited) @executable_path/Frameworks";
				ONLY_ACTIVE_ARCH = NO;
				OTHER_LDFLAGS = "";
				PRODUCT_BUNDLE_IDENTIFIER = qinman.CTView;
				PRODUCT_NAME = "$(TARGET_NAME)";
			};
			name = Debug;
		};
		398DD79E1E289B59001F633F /* Release */ = {
			isa = XCBuildConfiguration;
			buildSettings = {
				ASSETCATALOG_COMPILER_APPICON_NAME = AppIcon;
				DEVELOPMENT_TEAM = 2EEW4XH5A6;
				INFOPLIST_FILE = CTView/Info.plist;
				LD_RUNPATH_SEARCH_PATHS = "$(inherited) @executable_path/Frameworks";
				ONLY_ACTIVE_ARCH = NO;
				OTHER_LDFLAGS = "";
				PRODUCT_BUNDLE_IDENTIFIER = qinman.CTView;
				PRODUCT_NAME = "$(TARGET_NAME)";
			};
			name = Release;
		};
/* End XCBuildConfiguration section */

/* Begin XCConfigurationList section */
		398DD7801E289B58001F633F /* Build configuration list for PBXProject "CTView" */ = {
			isa = XCConfigurationList;
			buildConfigurations = (
				398DD79A1E289B59001F633F /* Debug */,
				398DD79B1E289B59001F633F /* Release */,
			);
			defaultConfigurationIsVisible = 0;
			defaultConfigurationName = Release;
		};
		398DD79C1E289B59001F633F /* Build configuration list for PBXNativeTarget "CTView" */ = {
			isa = XCConfigurationList;
			buildConfigurations = (
				398DD79D1E289B59001F633F /* Debug */,
				398DD79E1E289B59001F633F /* Release */,
			);
			defaultConfigurationIsVisible = 0;
			defaultConfigurationName = Release;
		};
/* End XCConfigurationList section */
	};
	rootObject = 398DD77D1E289B58001F633F /* Project object */;
}
